
Microsoft Visual Studio Solution File, Format Version 12.00
Project("{FAE04EC0-301F-11D3-BF4B-00C04F79EFBC}") = "XmlHelper", "XmlHelper.csproj", "{FDF80664-00F2-4D07-AC9C-9EAD5C2B4CCB}"
EndProject
Global
	GlobalSection(SolutionConfigurationPlatforms) = preSolution
		Debug|Any CPU = Debug|Any CPU
		Release|Any CPU = Release|Any CPU
	EndGlobalSection
	GlobalSection(ProjectConfigurationPlatforms) = postSolution
		{FDF80664-00F2-4D07-AC9C-9EAD5C2B4CCB}.Debug|Any CPU.ActiveCfg = Debug|Any CPU
		{FDF80664-00F2-4D07-AC9C-9EAD5C2B4CCB}.Debug|Any CPU.Build.0 = Debug|Any CPU
		{FDF80664-00F2-4D07-AC9C-9EAD5C2B4CCB}.Release|Any CPU.ActiveCfg = Release|Any CPU
		{FDF80664-00F2-4D07-AC9C-9EAD5C2B4CCB}.Release|Any CPU.Build.0 = Release|Any CPU
	EndGlobalSection
EndGlobal
